
Microsoft Visual Studio Solution File, Format Version 12.00
# Visual Studio 15
Project("{FAE04EC0-301F-11D3-BF4B-00C04F79EFBC}") = "SQLiteTest.iOS", "SQLiteTest.iOS\SQLiteTest.iOS.csproj", "{B8AFE196-259E-4F30-901F-625FA7BC9DD2}"
EndProject
Project("{FAE04EC0-301F-11D3-BF4B-00C04F79EFBC}") = "SQLiteTest", "SQLiteTest\SQLiteTest.csproj", "{6A4CA677-4BE0-45D3-99EE-B4D1F266E1B8}"
EndProject
Global
	GlobalSection(SolutionConfigurationPlatforms) = preSolution
		Debug|iPhoneSimulator = Debug|iPhoneSimulator
		Release|iPhoneSimulator = Release|iPhoneSimulator
		Debug|iPhone = Debug|iPhone
		Release|iPhone = Release|iPhone
		Debug|Any CPU = Debug|Any CPU
		Release|Any CPU = Release|Any CPU
	EndGlobalSection
	GlobalSection(ProjectConfigurationPlatforms) = postSolution
		{B8AFE196-259E-4F30-901F-625FA7BC9DD2}.Debug|iPhoneSimulator.ActiveCfg = Debug|iPhoneSimulator
		{B8AFE196-259E-4F30-901F-625FA7BC9DD2}.Debug|iPhoneSimulator.Build.0 = Debug|iPhoneSimulator
		{B8AFE196-259E-4F30-901F-625FA7BC9DD2}.Release|iPhoneSimulator.ActiveCfg = Release|iPhoneSimulator
		{B8AFE196-259E-4F30-901F-625FA7BC9DD2}.Release|iPhoneSimulator.Build.0 = Release|iPhoneSimulator
		{B8AFE196-259E-4F30-901F-625FA7BC9DD2}.Debug|iPhone.ActiveCfg = Debug|iPhone
		{B8AFE196-259E-4F30-901F-625FA7BC9DD2}.Debug|iPhone.Build.0 = Debug|iPhone
		{B8AFE196-259E-4F30-901F-625FA7BC9DD2}.Release|iPhone.ActiveCfg = Release|iPhone
		{B8AFE196-259E-4F30-901F-625FA7BC9DD2}.Release|iPhone.Build.0 = Release|iPhone
		{B8AFE196-259E-4F30-901F-625FA7BC9DD2}.Debug|Any CPU.ActiveCfg = Debug|iPhoneSimulator
		{B8AFE196-259E-4F30-901F-625FA7BC9DD2}.Debug|Any CPU.Build.0 = Debug|iPhoneSimulator
		{B8AFE196-259E-4F30-901F-625FA7BC9DD2}.Release|Any CPU.ActiveCfg = Release|iPhoneSimulator
		{B8AFE196-259E-4F30-901F-625FA7BC9DD2}.Release|Any CPU.Build.0 = Release|iPhoneSimulator
		{6A4CA677-4BE0-45D3-99EE-B4D1F266E1B8}.Debug|iPhoneSimulator.ActiveCfg = Debug|Any CPU
		{6A4CA677-4BE0-45D3-99EE-B4D1F266E1B8}.Debug|iPhoneSimulator.Build.0 = Debug|Any CPU
		{6A4CA677-4BE0-45D3-99EE-B4D1F266E1B8}.Release|iPhoneSimulator.ActiveCfg = Release|Any CPU
		{6A4CA677-4BE0-45D3-99EE-B4D1F266E1B8}.Release|iPhoneSimulator.Build.0 = Release|Any CPU
		{6A4CA677-4BE0-45D3-99EE-B4D1F266E1B8}.Debug|iPhone.ActiveCfg = Debug|Any CPU
		{6A4CA677-4BE0-45D3-99EE-B4D1F266E1B8}.Debug|iPhone.Build.0 = Debug|Any CPU
		{6A4CA677-4BE0-45D3-99EE-B4D1F266E1B8}.Release|iPhone.ActiveCfg = Release|Any CPU
		{6A4CA677-4BE0-45D3-99EE-B4D1F266E1B8}.Release|iPhone.Build.0 = Release|Any CPU
		{6A4CA677-4BE0-45D3-99EE-B4D1F266E1B8}.Debug|Any CPU.ActiveCfg = Debug|Any CPU
		{6A4CA677-4BE0-45D3-99EE-B4D1F266E1B8}.Debug|Any CPU.Build.0 = Debug|Any CPU
		{6A4CA677-4BE0-45D3-99EE-B4D1F266E1B8}.Release|Any CPU.ActiveCfg = Release|Any CPU
		{6A4CA677-4BE0-45D3-99EE-B4D1F266E1B8}.Release|Any CPU.Build.0 = Release|Any CPU
	EndGlobalSection
EndGlobal
